
Microsoft Visual Studio Solution File, Format Version 12.00
# Visual Studio Version 17
VisualStudioVersion = 17.5.002.0
MinimumVisualStudioVersion = 10.0.40219.1
Project("{9A19103F-16F7-4668-BE54-9A1E7A4F7556}") = "WebApiWithPostgreSQL", "WebApiWithPostgreSQL.csproj", "{FAFEFBE3-0D73-4AD8-867E-F5129F11EAD0}"
EndProject
Global
	GlobalSection(SolutionConfigurationPlatforms) = preSolution
		Debug|Any CPU = Debug|Any CPU
		Release|Any CPU = Release|Any CPU
	EndGlobalSection
	GlobalSection(ProjectConfigurationPlatforms) = postSolution
		{FAFEFBE3-0D73-4AD8-867E-F5129F11EAD0}.Debug|Any CPU.ActiveCfg = Debug|Any CPU
		{FAFEFBE3-0D73-4AD8-867E-F5129F11EAD0}.Debug|Any CPU.Build.0 = Debug|Any CPU
		{FAFEFBE3-0D73-4AD8-867E-F5129F11EAD0}.Release|Any CPU.ActiveCfg = Release|Any CPU
		{FAFEFBE3-0D73-4AD8-867E-F5129F11EAD0}.Release|Any CPU.Build.0 = Release|Any CPU
	EndGlobalSection
	GlobalSection(SolutionProperties) = preSolution
		HideSolutionNode = FALSE
	EndGlobalSection
	GlobalSection(ExtensibilityGlobals) = postSolution
		SolutionGuid = {2484597C-46D4-4CEB-8C7C-A8A744709941}
	EndGlobalSection
EndGlobal
